
Microsoft Visual Studio Solution File, Format Version 12.00
# Visual Studio Version 17
VisualStudioVersion = 17.10.34928.147
MinimumVisualStudioVersion = 10.0.40219.1
Project("{FAE04EC0-301F-11D3-BF4B-00C04F79EFBC}") = "HubCityIT_Website", "HubCityIT_Website.csproj", "{65A517E9-D066-4B53-9BEF-A2386EA4438C}"
EndProject
Global
	GlobalSection(SolutionConfigurationPlatforms) = preSolution
		Debug|Any CPU = Debug|Any CPU
		Release|Any CPU = Release|Any CPU
	EndGlobalSection
	GlobalSection(ProjectConfigurationPlatforms) = postSolution
		{65A517E9-D066-4B53-9BEF-A2386EA4438C}.Debug|Any CPU.ActiveCfg = Debug|Any CPU
		{65A517E9-D066-4B53-9BEF-A2386EA4438C}.Debug|Any CPU.Build.0 = Debug|Any CPU
		{65A517E9-D066-4B53-9BEF-A2386EA4438C}.Release|Any CPU.ActiveCfg = Release|Any CPU
		{65A517E9-D066-4B53-9BEF-A2386EA4438C}.Release|Any CPU.Build.0 = Release|Any CPU
	EndGlobalSection
	GlobalSection(SolutionProperties) = preSolution
		HideSolutionNode = FALSE
	EndGlobalSection
	GlobalSection(ExtensibilityGlobals) = postSolution
		SolutionGuid = {EDD585DA-14EC-48DC-AAE5-F5D41AD13861}
	EndGlobalSection
EndGlobal
